// !$*UTF8*$!
{
	archiveVersion = 1;
	classes = {
	};
	objectVersion = 50;
	objects = {

/* Begin PBXBuildFile section */
		70CD2D102219A7B900AB3DA1 /* ConsecutiveStringTest.swift in Sources */ = {isa = PBXBuildFile; fileRef = 70CD2D0F2219A7B900AB3DA1 /* ConsecutiveStringTest.swift */; };
		70CD2D172219B11100AB3DA1 /* main.swift in Sources */ = {isa = PBXBuildFile; fileRef = 70CD2D002219A6B300AB3DA1 /* main.swift */; };
		70CD2D182219B96700AB3DA1 /* CosecutiveString.swift in Sources */ = {isa = PBXBuildFile; fileRef = 70CD2D072219A72400AB3DA1 /* CosecutiveString.swift */; };
/* End PBXBuildFile section */

/* Begin PBXCopyFilesBuildPhase section */
		70CD2CFB2219A6B300AB3DA1 /* CopyFiles */ = {
			isa = PBXCopyFilesBuildPhase;
			buildActionMask = 2147483647;
			dstPath = /usr/share/man/man1/;
			dstSubfolderSpec = 0;
			files = (
			);
			runOnlyForDeploymentPostprocessing = 1;
		};
/* End PBXCopyFilesBuildPhase section */

/* Begin PBXFileReference section */
		70CD2CFD2219A6B300AB3DA1 /* CodeWarPractice */ = {isa = PBXFileReference; explicitFileType = "compiled.mach-o.executable"; includeInIndex = 0; path = CodeWarPractice; sourceTree = BUILT_PRODUCTS_DIR; };
		70CD2D002219A6B300AB3DA1 /* main.swift */ = {isa = PBXFileReference; lastKnownFileType = sourcecode.swift; path = main.swift; sourceTree = "<group>"; };
		70CD2D072219A72400AB3DA1 /* CosecutiveString.swift */ = {isa = PBXFileReference; lastKnownFileType = sourcecode.swift; path = CosecutiveString.swift; sourceTree = "<group>"; };
		70CD2D0D2219A7B900AB3DA1 /* SolutionExample.xctest */ = {isa = PBXFileReference; explicitFileType = wrapper.cfbundle; includeInIndex = 0; path = SolutionExample.xctest; sourceTree = BUILT_PRODUCTS_DIR; };
		70CD2D0F2219A7B900AB3DA1 /* ConsecutiveStringTest.swift */ = {isa = PBXFileReference; lastKnownFileType = sourcecode.swift; path = ConsecutiveStringTest.swift; sourceTree = "<group>"; };
		70CD2D112219A7B900AB3DA1 /* Info.plist */ = {isa = PBXFileReference; lastKnownFileType = text.plist.xml; name = Info.plist; path = SolutionExample/Info.plist; sourceTree = SOURCE_ROOT; };
/* End PBXFileReference section */

/* Begin PBXFrameworksBuildPhase section */
		70CD2CFA2219A6B300AB3DA1 /* Frameworks */ = {
			isa = PBXFrameworksBuildPhase;
			buildActionMask = 2147483647;
			files = (
			);
			runOnlyForDeploymentPostprocessing = 0;
		};
		70CD2D0A2219A7B900AB3DA1 /* Frameworks */ = {
			isa = PBXFrameworksBuildPhase;
			buildActionMask = 2147483647;
			files = (
			);
			runOnlyForDeploymentPostprocessing = 0;
		};
/* End PBXFrameworksBuildPhase section */

/* Begin PBXGroup section */
		70CD2CF42219A6B300AB3DA1 = {
			isa = PBXGroup;
			children = (
				70CD2CFF2219A6B300AB3DA1 /* CodeWarPractice */,
				70CD2D0E2219A7B900AB3DA1 /* SolutionExample */,
				70CD2CFE2219A6B300AB3DA1 /* Products */,
			);
			sourceTree = "<group>";
		};
		70CD2CFE2219A6B300AB3DA1 /* Products */ = {
			isa = PBXGroup;
			children = (
				70CD2CFD2219A6B300AB3DA1 /* CodeWarPractice */,
				70CD2D0D2219A7B900AB3DA1 /* SolutionExample.xctest */,
			);
			name = Products;
			sourceTree = "<group>";
		};
		70CD2CFF2219A6B300AB3DA1 /* CodeWarPractice */ = {
			isa = PBXGroup;
			children = (
				70CD2D002219A6B300AB3DA1 /* main.swift */,
			);
			path = CodeWarPractice;
			sourceTree = "<group>";
		};
		70CD2D0E2219A7B900AB3DA1 /* SolutionExample */ = {
			isa = PBXGroup;
			children = (
				70CD2D072219A72400AB3DA1 /* CosecutiveString.swift */,
				70CD2D0F2219A7B900AB3DA1 /* ConsecutiveStringTest.swift */,
				70CD2D112219A7B900AB3DA1 /* Info.plist */,
			);
			path = SolutionExample;
			sourceTree = "<group>";
		};
/* End PBXGroup section */

/* Begin PBXNativeTarget section */
		70CD2CFC2219A6B300AB3DA1 /* CodeWarPractice */ = {
			isa = PBXNativeTarget;
			buildConfigurationList = 70CD2D042219A6B300AB3DA1 /* Build configuration list for PBXNativeTarget "CodeWarPractice" */;
			buildPhases = (
				70CD2CF92219A6B300AB3DA1 /* Sources */,
				70CD2CFA2219A6B300AB3DA1 /* Frameworks */,
				70CD2CFB2219A6B300AB3DA1 /* CopyFiles */,
			);
			buildRules = (
			);
			dependencies = (
			);
			name = CodeWarPractice;
			productName = CodeWarPractice;
			productReference = 70CD2CFD2219A6B300AB3DA1 /* CodeWarPractice */;
			productType = "com.apple.product-type.tool";
		};
		70CD2D0C2219A7B900AB3DA1 /* SolutionExample */ = {
			isa = PBXNativeTarget;
			buildConfigurationList = 70CD2D122219A7B900AB3DA1 /* Build configuration list for PBXNativeTarget "SolutionExample" */;
			buildPhases = (
				70CD2D092219A7B900AB3DA1 /* Sources */,
				70CD2D0A2219A7B900AB3DA1 /* Frameworks */,
				70CD2D0B2219A7B900AB3DA1 /* Resources */,
			);
			buildRules = (
			);
			dependencies = (
			);
			name = SolutionExample;
			productName = SolutionExample;
			productReference = 70CD2D0D2219A7B900AB3DA1 /* SolutionExample.xctest */;
			productType = "com.apple.product-type.bundle.unit-test";
		};
/* End PBXNativeTarget section */

/* Begin PBXProject section */
		70CD2CF52219A6B300AB3DA1 /* Project object */ = {
			isa = PBXProject;
			attributes = {
				LastSwiftUpdateCheck = 1010;
				LastUpgradeCheck = 1010;
				ORGANIZATIONNAME = Sanity;
				TargetAttributes = {
					70CD2CFC2219A6B300AB3DA1 = {
						CreatedOnToolsVersion = 10.1;
					};
					70CD2D0C2219A7B900AB3DA1 = {
						CreatedOnToolsVersion = 10.1;
					};
				};
			};
			buildConfigurationList = 70CD2CF82219A6B300AB3DA1 /* Build configuration list for PBXProject "CodeWarPractice" */;
			compatibilityVersion = "Xcode 9.3";
			developmentRegion = en;
			hasScannedForEncodings = 0;
			knownRegions = (
				en,
			);
			mainGroup = 70CD2CF42219A6B300AB3DA1;
			productRefGroup = 70CD2CFE2219A6B300AB3DA1 /* Products */;
			projectDirPath = "";
			projectRoot = "";
			targets = (
				70CD2CFC2219A6B300AB3DA1 /* CodeWarPractice */,
				70CD2D0C2219A7B900AB3DA1 /* SolutionExample */,
			);
		};
/* End PBXProject section */

/* Begin PBXResourcesBuildPhase section */
		70CD2D0B2219A7B900AB3DA1 /* Resources */ = {
			isa = PBXResourcesBuildPhase;
			buildActionMask = 2147483647;
			files = (
			);
			runOnlyForDeploymentPostprocessing = 0;
		};
/* End PBXResourcesBuildPhase section */

/* Begin PBXSourcesBuildPhase section */
		70CD2CF92219A6B300AB3DA1 /* Sources */ = {
			isa = PBXSourcesBuildPhase;
			buildActionMask = 2147483647;
			files = (
				70CD2D172219B11100AB3DA1 /* main.swift in Sources */,
			);
			runOnlyForDeploymentPostprocessing = 0;
		};
		70CD2D092219A7B900AB3DA1 /* Sources */ = {
			isa = PBXSourcesBuildPhase;
			buildActionMask = 2147483647;
			files = (
				70CD2D182219B96700AB3DA1 /* CosecutiveString.swift in Sources */,
				70CD2D102219A7B900AB3DA1 /* ConsecutiveStringTest.swift in Sources */,
			);
			runOnlyForDeploymentPostprocessing = 0;
		};
/* End PBXSourcesBuildPhase section */

/* Begin XCBuildConfiguration section */
		70CD2D022219A6B300AB3DA1 /* Debug */ = {
			isa = XCBuildConfiguration;
			buildSettings = {
				ALWAYS_SEARCH_USER_PATHS = NO;
				CLANG_ANALYZER_NONNULL = YES;
				CLANG_ANALYZER_NUMBER_OBJECT_CONVERSION = YES_AGGRESSIVE;
				CLANG_CXX_LANGUAGE_STANDARD = "gnu++14";
				CLANG_CXX_LIBRARY = "libc++";
				CLANG_ENABLE_MODULES = YES;
				CLANG_ENABLE_OBJC_ARC = YES;
				CLANG_ENABLE_OBJC_WEAK = YES;
				CLANG_WARN_BLOCK_CAPTURE_AUTORELEASING = YES;
				CLANG_WARN_BOOL_CONVERSION = YES;
				CLANG_WARN_COMMA = YES;
				CLANG_WARN_CONSTANT_CONVERSION = YES;
				CLANG_WARN_DEPRECATED_OBJC_IMPLEMENTATIONS = YES;
				CLANG_WARN_DIRECT_OBJC_ISA_USAGE = YES_ERROR;
				CLANG_WARN_DOCUMENTATION_COMMENTS = YES;
				CLANG_WARN_EMPTY_BODY = YES;
				CLANG_WARN_ENUM_CONVERSION = YES;
				CLANG_WARN_INFINITE_RECURSION = YES;
				CLANG_WARN_INT_CONVERSION = YES;
				CLANG_WARN_NON_LITERAL_NULL_CONVERSION = YES;
				CLANG_WARN_OBJC_IMPLICIT_RETAIN_SELF = YES;
				CLANG_WARN_OBJC_LITERAL_CONVERSION = YES;
				CLANG_WARN_OBJC_ROOT_CLASS = YES_ERROR;
				CLANG_WARN_RANGE_LOOP_ANALYSIS = YES;
				CLANG_WARN_STRICT_PROTOTYPES = YES;
				CLANG_WARN_SUSPICIOUS_MOVE = YES;
				CLANG_WARN_UNGUARDED_AVAILABILITY = YES_AGGRESSIVE;
				CLANG_WARN_UNREACHABLE_CODE = YES;
				CLANG_WARN__DUPLICATE_METHOD_MATCH = YES;
				CODE_SIGN_IDENTITY = "Mac Developer";
				COPY_PHASE_STRIP = NO;
				DEBUG_INFORMATION_FORMAT = dwarf;
				ENABLE_STRICT_OBJC_MSGSEND = YES;
				ENABLE_TESTABILITY = YES;
				GCC_C_LANGUAGE_STANDARD = gnu11;
				GCC_DYNAMIC_NO_PIC = NO;
				GCC_NO_COMMON_BLOCKS = YES;
				GCC_OPTIMIZATION_LEVEL = 0;
				GCC_PREPROCESSOR_DEFINITIONS = (
					"DEBUG=1",
					"$(inherited)",
				);
				GCC_WARN_64_TO_32_BIT_CONVERSION = YES;
				GCC_WARN_ABOUT_RETURN_TYPE = YES_ERROR;
				GCC_WARN_UNDECLARED_SELECTOR = YES;
				GCC_WARN_UNINITIALIZED_AUTOS = YES_AGGRESSIVE;
				GCC_WARN_UNUSED_FUNCTION = YES;
				GCC_WARN_UNUSED_VARIABLE = YES;
				MACOSX_DEPLOYMENT_TARGET = 10.14;
				MTL_ENABLE_DEBUG_INFO = INCLUDE_SOURCE;
				MTL_FAST_MATH = YES;
				ONLY_ACTIVE_ARCH = YES;
				SDKROOT = macosx;
				SWIFT_ACTIVE_COMPILATION_CONDITIONS = DEBUG;
				SWIFT_OPTIMIZATION_LEVEL = "-Onone";
			};
			name = Debug;
		};
		70CD2D032219A6B300AB3DA1 /* Release */ = {
			isa = XCBuildConfiguration;
			buildSettings = {
				ALWAYS_SEARCH_USER_PATHS = NO;
				CLANG_ANALYZER_NONNULL = YES;
				CLANG_ANALYZER_NUMBER_OBJECT_CONVERSION = YES_AGGRESSIVE;
				CLANG_CXX_LANGUAGE_STANDARD = "gnu++14";
				CLANG_CXX_LIBRARY = "libc++";
				CLANG_ENABLE_MODULES = YES;
				CLANG_ENABLE_OBJC_ARC = YES;
				CLANG_ENABLE_OBJC_WEAK = YES;
				CLANG_WARN_BLOCK_CAPTURE_AUTORELEASING = YES;
				CLANG_WARN_BOOL_CONVERSION = YES;
				CLANG_WARN_COMMA = YES;
				CLANG_WARN_CONSTANT_CONVERSION = YES;
				CLANG_WARN_DEPRECATED_OBJC_IMPLEMENTATIONS = YES;
				CLANG_WARN_DIRECT_OBJC_ISA_USAGE = YES_ERROR;
				CLANG_WARN_DOCUMENTATION_COMMENTS = YES;
				CLANG_WARN_EMPTY_BODY = YES;
				CLANG_WARN_ENUM_CONVERSION = YES;
				CLANG_WARN_INFINITE_RECURSION = YES;
				CLANG_WARN_INT_CONVERSION = YES;
				CLANG_WARN_NON_LITERAL_NULL_CONVERSION = YES;
				CLANG_WARN_OBJC_IMPLICIT_RETAIN_SELF = YES;
				CLANG_WARN_OBJC_LITERAL_CONVERSION = YES;
				CLANG_WARN_OBJC_ROOT_CLASS = YES_ERROR;
				CLANG_WARN_RANGE_LOOP_ANALYSIS = YES;
				CLANG_WARN_STRICT_PROTOTYPES = YES;
				CLANG_WARN_SUSPICIOUS_MOVE = YES;
				CLANG_WARN_UNGUARDED_AVAILABILITY = YES_AGGRESSIVE;
				CLANG_WARN_UNREACHABLE_CODE = YES;
				CLANG_WARN__DUPLICATE_METHOD_MATCH = YES;
				CODE_SIGN_IDENTITY = "Mac Developer";
				COPY_PHASE_STRIP = NO;
				DEBUG_INFORMATION_FORMAT = "dwarf-with-dsym";
				ENABLE_NS_ASSERTIONS = NO;
				ENABLE_STRICT_OBJC_MSGSEND = YES;
				GCC_C_LANGUAGE_STANDARD = gnu11;
				GCC_NO_COMMON_BLOCKS = YES;
				GCC_WARN_64_TO_32_BIT_CONVERSION = YES;
				GCC_WARN_ABOUT_RETURN_TYPE = YES_ERROR;
				GCC_WARN_UNDECLARED_SELECTOR = YES;
				GCC_WARN_UNINITIALIZED_AUTOS = YES_AGGRESSIVE;
				GCC_WARN_UNUSED_FUNCTION = YES;
				GCC_WARN_UNUSED_VARIABLE = YES;
				MACOSX_DEPLOYMENT_TARGET = 10.14;
				MTL_ENABLE_DEBUG_INFO = NO;
				MTL_FAST_MATH = YES;
				SDKROOT = macosx;
				SWIFT_COMPILATION_MODE = wholemodule;
				SWIFT_OPTIMIZATION_LEVEL = "-O";
			};
			name = Release;
		};
		70CD2D052219A6B300AB3DA1 /* Debug */ = {
			isa = XCBuildConfiguration;
			buildSettings = {
				CODE_SIGN_STYLE = Automatic;
				DEVELOPMENT_TEAM = 4FZS82EHM8;
				PRODUCT_NAME = "$(TARGET_NAME)";
				SWIFT_VERSION = 3.0;
			};
			name = Debug;
		};
		70CD2D062219A6B300AB3DA1 /* Release */ = {
			isa = XCBuildConfiguration;
			buildSettings = {
				CODE_SIGN_STYLE = Automatic;
				DEVELOPMENT_TEAM = 4FZS82EHM8;
				PRODUCT_NAME = "$(TARGET_NAME)";
				SWIFT_VERSION = 3.0;
			};
			name = Release;
		};
		70CD2D132219A7B900AB3DA1 /* Debug */ = {
			isa = XCBuildConfiguration;
			buildSettings = {
				CODE_SIGN_STYLE = Automatic;
				COMBINE_HIDPI_IMAGES = YES;
				DEVELOPMENT_TEAM = 4FZS82EHM8;
				INFOPLIST_FILE = SolutionExample/Info.plist;
				LD_RUNPATH_SEARCH_PATHS = (
					"$(inherited)",
					"@executable_path/../Frameworks",
					"@loader_path/../Frameworks",
				);
				PRODUCT_BUNDLE_IDENTIFIER = com.sanity.SolutionExample;
				PRODUCT_NAME = "$(TARGET_NAME)";
				SWIFT_VERSION = 4.2;
			};
			name = Debug;
		};
		70CD2D142219A7B900AB3DA1 /* Release */ = {
			isa = XCBuildConfiguration;
			buildSettings = {
				CODE_SIGN_STYLE = Automatic;
				COMBINE_HIDPI_IMAGES = YES;
				DEVELOPMENT_TEAM = 4FZS82EHM8;
				INFOPLIST_FILE = SolutionExample/Info.plist;
				LD_RUNPATH_SEARCH_PATHS = (
					"$(inherited)",
					"@executable_path/../Frameworks",
					"@loader_path/../Frameworks",
				);
				PRODUCT_BUNDLE_IDENTIFIER = com.sanity.SolutionExample;
				PRODUCT_NAME = "$(TARGET_NAME)";
				SWIFT_VERSION = 4.2;
			};
			name = Release;
		};
/* End XCBuildConfiguration section */

/* Begin XCConfigurationList section */
		70CD2CF82219A6B300AB3DA1 /* Build configuration list for PBXProject "CodeWarPractice" */ = {
			isa = XCConfigurationList;
			buildConfigurations = (
				70CD2D022219A6B300AB3DA1 /* Debug */,
				70CD2D032219A6B300AB3DA1 /* Release */,
			);
			defaultConfigurationIsVisible = 0;
			defaultConfigurationName = Release;
		};
		70CD2D042219A6B300AB3DA1 /* Build configuration list for PBXNativeTarget "CodeWarPractice" */ = {
			isa = XCConfigurationList;
			buildConfigurations = (
				70CD2D052219A6B300AB3DA1 /* Debug */,
				70CD2D062219A6B300AB3DA1 /* Release */,
			);
			defaultConfigurationIsVisible = 0;
			defaultConfigurationName = Release;
		};
		70CD2D122219A7B900AB3DA1 /* Build configuration list for PBXNativeTarget "SolutionExample" */ = {
			isa = XCConfigurationList;
			buildConfigurations = (
				70CD2D132219A7B900AB3DA1 /* Debug */,
				70CD2D142219A7B900AB3DA1 /* Release */,
			);
			defaultConfigurationIsVisible = 0;
			defaultConfigurationName = Release;
		};
/* End XCConfigurationList section */
	};
	rootObject = 70CD2CF52219A6B300AB3DA1 /* Project object */;
}
